
Microsoft Visual Studio Solution File, Format Version 12.00
# Visual Studio Version 17
VisualStudioVersion = 17.0.31903.59
MinimumVisualStudioVersion = 10.0.40219.1
Project("{9A19103F-16F7-4668-BE54-9A1E7A4F7556}") = "GCRealTimeMon", "src\GCRealTimeMon.csproj", "{AD78E0AE-5BF2-4D2F-A7F4-0FB0369E605F}"
EndProject
Project("{9A19103F-16F7-4668-BE54-9A1E7A4F7556}") = "GCRealTimeMon.UnitTests", "tests\GCRealTimeMon.UnitTests\GCRealTimeMon.UnitTests.csproj", "{A5A83224-3B9E-4E6C-9E1C-7C286170157E}"
EndProject
Global
	GlobalSection(SolutionConfigurationPlatforms) = preSolution
		Debug|Any CPU = Debug|Any CPU
		Debug|x64 = Debug|x64
		Release|Any CPU = Release|Any CPU
		Release|x64 = Release|x64
	EndGlobalSection
	GlobalSection(ProjectConfigurationPlatforms) = postSolution
		{AD78E0AE-5BF2-4D2F-A7F4-0FB0369E605F}.Debug|Any CPU.ActiveCfg = Debug|Any CPU
		{AD78E0AE-5BF2-4D2F-A7F4-0FB0369E605F}.Debug|Any CPU.Build.0 = Debug|Any CPU
		{AD78E0AE-5BF2-4D2F-A7F4-0FB0369E605F}.Debug|x64.ActiveCfg = Debug|x64
		{AD78E0AE-5BF2-4D2F-A7F4-0FB0369E605F}.Debug|x64.Build.0 = Debug|x64
		{AD78E0AE-5BF2-4D2F-A7F4-0FB0369E605F}.Release|Any CPU.ActiveCfg = Release|Any CPU
		{AD78E0AE-5BF2-4D2F-A7F4-0FB0369E605F}.Release|Any CPU.Build.0 = Release|Any CPU
		{AD78E0AE-5BF2-4D2F-A7F4-0FB0369E605F}.Release|x64.ActiveCfg = Release|x64
		{AD78E0AE-5BF2-4D2F-A7F4-0FB0369E605F}.Release|x64.Build.0 = Release|x64
		{A5A83224-3B9E-4E6C-9E1C-7C286170157E}.Debug|Any CPU.ActiveCfg = Debug|Any CPU
		{A5A83224-3B9E-4E6C-9E1C-7C286170157E}.Debug|Any CPU.Build.0 = Debug|Any CPU
		{A5A83224-3B9E-4E6C-9E1C-7C286170157E}.Debug|x64.ActiveCfg = Debug|x64
		{A5A83224-3B9E-4E6C-9E1C-7C286170157E}.Debug|x64.Build.0 = Debug|x64
		{A5A83224-3B9E-4E6C-9E1C-7C286170157E}.Release|Any CPU.ActiveCfg = Release|Any CPU
		{A5A83224-3B9E-4E6C-9E1C-7C286170157E}.Release|Any CPU.Build.0 = Release|Any CPU
		{A5A83224-3B9E-4E6C-9E1C-7C286170157E}.Release|x64.ActiveCfg = Release|x64
		{A5A83224-3B9E-4E6C-9E1C-7C286170157E}.Release|x64.Build.0 = Release|x64
	EndGlobalSection
	GlobalSection(SolutionProperties) = preSolution
		HideSolutionNode = FALSE
	EndGlobalSection
	GlobalSection(ExtensibilityGlobals) = postSolution
		SolutionGuid = {E656D781-82E9-4AD9-8148-08AD8D5DDFAB}
	EndGlobalSection
EndGlobal
